
Microsoft Visual Studio Solution File, Format Version 12.00
# Visual Studio Version 17
VisualStudioVersion = 17.6.33815.320
MinimumVisualStudioVersion = 10.0.40219.1
Project("{FAE04EC0-301F-11D3-BF4B-00C04F79EFBC}") = "CodingWiki_Web", "CodingWiki_Web\CodingWiki_Web.csproj", "{7713410E-F48D-41F9-9009-A7DCFBEF961D}"
EndProject
Project("{FAE04EC0-301F-11D3-BF4B-00C04F79EFBC}") = "CodingWiki_DataAccess", "CodingWiki_DataAccess\CodingWiki_DataAccess.csproj", "{CD6E8FEB-D820-44DE-AB00-01C42CFC8C1F}"
EndProject
Project("{FAE04EC0-301F-11D3-BF4B-00C04F79EFBC}") = "CodingWiki_Model", "CodingWiki_Model\CodingWiki_Model.csproj", "{3B259B53-5DC5-4338-94E7-ED3086388EC0}"
EndProject
Global
	GlobalSection(SolutionConfigurationPlatforms) = preSolution
		Debug|Any CPU = Debug|Any CPU
		Release|Any CPU = Release|Any CPU
	EndGlobalSection
	GlobalSection(ProjectConfigurationPlatforms) = postSolution
		{7713410E-F48D-41F9-9009-A7DCFBEF961D}.Debug|Any CPU.ActiveCfg = Debug|Any CPU
		{7713410E-F48D-41F9-9009-A7DCFBEF961D}.Debug|Any CPU.Build.0 = Debug|Any CPU
		{7713410E-F48D-41F9-9009-A7DCFBEF961D}.Release|Any CPU.ActiveCfg = Release|Any CPU
		{7713410E-F48D-41F9-9009-A7DCFBEF961D}.Release|Any CPU.Build.0 = Release|Any CPU
		{CD6E8FEB-D820-44DE-AB00-01C42CFC8C1F}.Debug|Any CPU.ActiveCfg = Debug|Any CPU
		{CD6E8FEB-D820-44DE-AB00-01C42CFC8C1F}.Debug|Any CPU.Build.0 = Debug|Any CPU
		{CD6E8FEB-D820-44DE-AB00-01C42CFC8C1F}.Release|Any CPU.ActiveCfg = Release|Any CPU
		{CD6E8FEB-D820-44DE-AB00-01C42CFC8C1F}.Release|Any CPU.Build.0 = Release|Any CPU
		{3B259B53-5DC5-4338-94E7-ED3086388EC0}.Debug|Any CPU.ActiveCfg = Debug|Any CPU
		{3B259B53-5DC5-4338-94E7-ED3086388EC0}.Debug|Any CPU.Build.0 = Debug|Any CPU
		{3B259B53-5DC5-4338-94E7-ED3086388EC0}.Release|Any CPU.ActiveCfg = Release|Any CPU
		{3B259B53-5DC5-4338-94E7-ED3086388EC0}.Release|Any CPU.Build.0 = Release|Any CPU
	EndGlobalSection
	GlobalSection(SolutionProperties) = preSolution
		HideSolutionNode = FALSE
	EndGlobalSection
	GlobalSection(ExtensibilityGlobals) = postSolution
		SolutionGuid = {CB6BA1AD-64F5-45FA-92D5-F93DEB99A0CB}
	EndGlobalSection
EndGlobal
